
Microsoft Visual Studio Solution File, Format Version 12.00
# Visual Studio Version 17
VisualStudioVersion = 17.0.31521.260
MinimumVisualStudioVersion = 10.0.40219.1
Project("{9A19103F-16F7-4668-BE54-9A1E7A4F7556}") = "BotApi", "BotApi\BotApi.csproj", "{C2EDC5B8-996E-4B9D-9F0F-6BAB8AA4DC6A}"
EndProject
Project("{9A19103F-16F7-4668-BE54-9A1E7A4F7556}") = "CalCreate", "CalCreate\CalCreate.csproj", "{B58AC378-D311-4416-B285-1B7155C5A835}"
EndProject
Project("{9A19103F-16F7-4668-BE54-9A1E7A4F7556}") = "Jwc", "Jwc\Jwc.csproj", "{A4D61193-CA94-4F70-BA2F-CA85D275C7FD}"
EndProject
Global
	GlobalSection(SolutionConfigurationPlatforms) = preSolution
		Debug|Any CPU = Debug|Any CPU
		Release|Any CPU = Release|Any CPU
	EndGlobalSection
	GlobalSection(ProjectConfigurationPlatforms) = postSolution
		{C2EDC5B8-996E-4B9D-9F0F-6BAB8AA4DC6A}.Debug|Any CPU.ActiveCfg = Debug|Any CPU
		{C2EDC5B8-996E-4B9D-9F0F-6BAB8AA4DC6A}.Debug|Any CPU.Build.0 = Debug|Any CPU
		{C2EDC5B8-996E-4B9D-9F0F-6BAB8AA4DC6A}.Release|Any CPU.ActiveCfg = Release|Any CPU
		{C2EDC5B8-996E-4B9D-9F0F-6BAB8AA4DC6A}.Release|Any CPU.Build.0 = Release|Any CPU
		{B58AC378-D311-4416-B285-1B7155C5A835}.Debug|Any CPU.ActiveCfg = Debug|Any CPU
		{B58AC378-D311-4416-B285-1B7155C5A835}.Debug|Any CPU.Build.0 = Debug|Any CPU
		{B58AC378-D311-4416-B285-1B7155C5A835}.Release|Any CPU.ActiveCfg = Release|Any CPU
		{B58AC378-D311-4416-B285-1B7155C5A835}.Release|Any CPU.Build.0 = Release|Any CPU
		{A4D61193-CA94-4F70-BA2F-CA85D275C7FD}.Debug|Any CPU.ActiveCfg = Debug|Any CPU
		{A4D61193-CA94-4F70-BA2F-CA85D275C7FD}.Debug|Any CPU.Build.0 = Debug|Any CPU
		{A4D61193-CA94-4F70-BA2F-CA85D275C7FD}.Release|Any CPU.ActiveCfg = Release|Any CPU
		{A4D61193-CA94-4F70-BA2F-CA85D275C7FD}.Release|Any CPU.Build.0 = Release|Any CPU
	EndGlobalSection
	GlobalSection(SolutionProperties) = preSolution
		HideSolutionNode = FALSE
	EndGlobalSection
	GlobalSection(ExtensibilityGlobals) = postSolution
		SolutionGuid = {C460B8D7-31B9-417E-8C18-41FEFF62BB78}
	EndGlobalSection
EndGlobal
